{
  "name": "remark-forms",
  "version": "0.1.0",
  "lockfileVersion": 2,
  "requires": true,
  "packages": {
    "": {
      "name": "remark-forms",
      "version": "0.1.0",
      "dependencies": {
        "hastscript": "^7.0.2",
        "js-yaml": "^4.1.0",
        "unified": "^10.1.2",
        "unist-util-filter": "^4.0.0",
        "unist-util-visit": "^4.1.0"
      },
      "devDependencies": {
        "@types/hast": "^2.3.4",
        "@types/js-yaml": "^4.0.5",
        "@types/json-schema": "^7.0.11",
        "@types/lodash": "^4.14.182",
        "@types/mdast": "^3.0.10",
        "typescript": "^4.7.2"
      }
    },
    "node_modules/@types/hast": {
      "version": "2.3.4",
      "resolved": "https://registry.npmjs.org/@types/hast/-/hast-2.3.4.tgz",
      "integrity": "sha512-wLEm0QvaoawEDoTRwzTXp4b4jpwiJDvR5KMnFnVodm3scufTlBOWRD6N1OBf9TZMhjlNsSfcO5V+7AF4+Vy+9g==",
      "dependencies": {
        "@types/unist": "*"
      }
    },
    "node_modules/@types/js-yaml": {
      "version": "4.0.5",
      "resolved": "https://registry.npmjs.org/@types/js-yaml/-/js-yaml-4.0.5.tgz",
      "integrity": "sha512-FhpRzf927MNQdRZP0J5DLIdTXhjLYzeUTmLAu69mnVksLH9CJY3IuSeEgbKUki7GQZm0WqDkGzyxju2EZGD2wA==",
      "dev": true
    },
    "node_modules/@types/json-schema": {
      "version": "7.0.11",
      "resolved": "https://registry.npmjs.org/@types/json-schema/-/json-schema-7.0.11.tgz",
      "integrity": "sha512-wOuvG1SN4Us4rez+tylwwwCV1psiNVOkJeM3AUWUNWg/jDQY2+HE/444y5gc+jBmRqASOm2Oeh5c1axHobwRKQ==",
      "dev": true
    },
    "node_modules/@types/lodash": {
      "version": "4.14.182",
      "resolved": "https://registry.npmjs.org/@types/lodash/-/lodash-4.14.182.tgz",
      "integrity": "sha512-/THyiqyQAP9AfARo4pF+aCGcyiQ94tX/Is2I7HofNRqoYLgN1PBoOWu2/zTA5zMxzP5EFutMtWtGAFRKUe961Q==",
      "dev": true
    },
    "node_modules/@types/mdast": {
      "version": "3.0.10",
      "resolved": "https://registry.npmjs.org/@types/mdast/-/mdast-3.0.10.tgz",
      "integrity": "sha512-W864tg/Osz1+9f4lrGTZpCSO5/z4608eUp19tbozkq2HJK6i3z1kT0H9tlADXuYIb1YYOBByU4Jsqkk75q48qA==",
      "dev": true,
      "dependencies": {
        "@types/unist": "*"
      }
    },
    "node_modules/@types/unist": {
      "version": "2.0.6",
      "resolved": "https://registry.npmjs.org/@types/unist/-/unist-2.0.6.tgz",
      "integrity": "sha512-PBjIUxZHOuj0R15/xuwJYjFi+KZdNFrehocChv4g5hu6aFroHue8m0lBP0POdK2nKzbw0cgV1mws8+V/JAcEkQ=="
    },
    "node_modules/argparse": {
      "version": "2.0.1",
      "resolved": "https://registry.npmjs.org/argparse/-/argparse-2.0.1.tgz",
      "integrity": "sha512-8+9WqebbFzpX9OR+Wa6O29asIogeRMzcGtAINdpMHHyAg10f05aSFVBbcEqGf/PXw1EjAZ+q2/bEBg3DvurK3Q=="
    },
    "node_modules/bail": {
      "version": "2.0.2",
      "resolved": "https://registry.npmjs.org/bail/-/bail-2.0.2.tgz",
      "integrity": "sha512-0xO6mYd7JB2YesxDKplafRpsiOzPt9V02ddPCLbY1xYGPOX24NTyN50qnUxgCPcSoYMhKpAuBTjQoRZCAkUDRw==",
      "funding": {
        "type": "github",
        "url": "https://github.com/sponsors/wooorm"
      }
    },
    "node_modules/comma-separated-tokens": {
      "version": "2.0.2",
      "resolved": "https://registry.npmjs.org/comma-separated-tokens/-/comma-separated-tokens-2.0.2.tgz",
      "integrity": "sha512-G5yTt3KQN4Yn7Yk4ed73hlZ1evrFKXeUW3086p3PRFNp7m2vIjI6Pg+Kgb+oyzhd9F2qdcoj67+y3SdxL5XWsg==",
      "funding": {
        "type": "github",
        "url": "https://github.com/sponsors/wooorm"
      }
    },
    "node_modules/extend": {
      "version": "3.0.2",
      "resolved": "https://registry.npmjs.org/extend/-/extend-3.0.2.tgz",
      "integrity": "sha512-fjquC59cD7CyW6urNXK0FBufkZcoiGG80wTuPujX590cB5Ttln20E2UB4S/WARVqhXffZl2LNgS+gQdPIIim/g=="
    },
    "node_modules/hast-util-parse-selector": {
      "version": "3.1.0",
      "resolved": "https://registry.npmjs.org/hast-util-parse-selector/-/hast-util-parse-selector-3.1.0.tgz",
      "integrity": "sha512-AyjlI2pTAZEOeu7GeBPZhROx0RHBnydkQIXlhnFzDi0qfXTmGUWoCYZtomHbrdrheV4VFUlPcfJ6LMF5T6sQzg==",
      "dependencies": {
        "@types/hast": "^2.0.0"
      },
      "funding": {
        "type": "opencollective",
        "url": "https://opencollective.com/unified"
      }
    },
    "node_modules/hastscript": {
      "version": "7.0.2",
      "resolved": "https://registry.npmjs.org/hastscript/-/hastscript-7.0.2.tgz",
      "integrity": "sha512-uA8ooUY4ipaBvKcMuPehTAB/YfFLSSzCwFSwT6ltJbocFUKH/GDHLN+tflq7lSRf9H86uOuxOFkh1KgIy3Gg2g==",
      "dependencies": {
        "@types/hast": "^2.0.0",
        "comma-separated-tokens": "^2.0.0",
        "hast-util-parse-selector": "^3.0.0",
        "property-information": "^6.0.0",
        "space-separated-tokens": "^2.0.0"
      },
      "funding": {
        "type": "opencollective",
        "url": "https://opencollective.com/unified"
      }
    },
    "node_modules/is-buffer": {
      "version": "2.0.5",
      "resolved": "https://registry.npmjs.org/is-buffer/-/is-buffer-2.0.5.tgz",
      "integrity": "sha512-i2R6zNFDwgEHJyQUtJEk0XFi1i0dPFn/oqjK3/vPCcDeJvW5NQ83V8QbicfF1SupOaB0h8ntgBC2YiE7dfyctQ==",
      "funding": [
        {
          "type": "github",
          "url": "https://github.com/sponsors/feross"
        },
        {
          "type": "patreon",
          "url": "https://www.patreon.com/feross"
        },
        {
          "type": "consulting",
          "url": "https://feross.org/support"
        }
      ],
      "engines": {
        "node": ">=4"
      }
    },
    "node_modules/is-plain-obj": {
      "version": "4.0.0",
      "resolved": "https://registry.npmjs.org/is-plain-obj/-/is-plain-obj-4.0.0.tgz",
      "integrity": "sha512-NXRbBtUdBioI73y/HmOhogw/U5msYPC9DAtGkJXeFcFWSFZw0mCUsPxk/snTuJHzNKA8kLBK4rH97RMB1BfCXw==",
      "engines": {
        "node": ">=12"
      },
      "funding": {
        "url": "https://github.com/sponsors/sindresorhus"
      }
    },
    "node_modules/js-yaml": {
      "version": "4.1.0",
      "resolved": "https://registry.npmjs.org/js-yaml/-/js-yaml-4.1.0.tgz",
      "integrity": "sha512-wpxZs9NoxZaJESJGIZTyDEaYpl0FKSA+FB9aJiyemKhMwkxQg63h4T1KJgUGHpTqPDNRcmmYLugrRjJlBtWvRA==",
      "dependencies": {
        "argparse": "^2.0.1"
      },
      "bin": {
        "js-yaml": "bin/js-yaml.js"
      }
    },
    "node_modules/property-information": {
      "version": "6.1.1",
      "resolved": "https://registry.npmjs.org/property-information/-/property-information-6.1.1.tgz",
      "integrity": "sha512-hrzC564QIl0r0vy4l6MvRLhafmUowhO/O3KgVSoXIbbA2Sz4j8HGpJc6T2cubRVwMwpdiG/vKGfhT4IixmKN9w==",
      "funding": {
        "type": "github",
        "url": "https://github.com/sponsors/wooorm"
      }
    },
    "node_modules/space-separated-tokens": {
      "version": "2.0.1",
      "resolved": "https://registry.npmjs.org/space-separated-tokens/-/space-separated-tokens-2.0.1.tgz",
      "integrity": "sha512-ekwEbFp5aqSPKaqeY1PGrlGQxPNaq+Cnx4+bE2D8sciBQrHpbwoBbawqTN2+6jPs9IdWxxiUcN0K2pkczD3zmw==",
      "funding": {
        "type": "github",
        "url": "https://github.com/sponsors/wooorm"
      }
    },
    "node_modules/trough": {
      "version": "2.1.0",
      "resolved": "https://registry.npmjs.org/trough/-/trough-2.1.0.tgz",
      "integrity": "sha512-AqTiAOLcj85xS7vQ8QkAV41hPDIJ71XJB4RCUrzo/1GM2CQwhkJGaf9Hgr7BOugMRpgGUrqRg/DrBDl4H40+8g==",
      "funding": {
        "type": "github",
        "url": "https://github.com/sponsors/wooorm"
      }
    },
    "node_modules/typescript": {
      "version": "4.7.3",
      "resolved": "https://registry.npmjs.org/typescript/-/typescript-4.7.3.tgz",
      "integrity": "sha512-WOkT3XYvrpXx4vMMqlD+8R8R37fZkjyLGlxavMc4iB8lrl8L0DeTcHbYgw/v0N/z9wAFsgBhcsF0ruoySS22mA==",
      "dev": true,
      "bin": {
        "tsc": "bin/tsc",
        "tsserver": "bin/tsserver"
      },
      "engines": {
        "node": ">=4.2.0"
      }
    },
    "node_modules/unified": {
      "version": "10.1.2",
      "resolved": "https://registry.npmjs.org/unified/-/unified-10.1.2.tgz",
      "integrity": "sha512-pUSWAi/RAnVy1Pif2kAoeWNBa3JVrx0MId2LASj8G+7AiHWoKZNTomq6LG326T68U7/e263X6fTdcXIy7XnF7Q==",
      "dependencies": {
        "@types/unist": "^2.0.0",
        "bail": "^2.0.0",
        "extend": "^3.0.0",
        "is-buffer": "^2.0.0",
        "is-plain-obj": "^4.0.0",
        "trough": "^2.0.0",
        "vfile": "^5.0.0"
      },
      "funding": {
        "type": "opencollective",
        "url": "https://opencollective.com/unified"
      }
    },
    "node_modules/unist-util-filter": {
      "version": "4.0.0",
      "resolved": "https://registry.npmjs.org/unist-util-filter/-/unist-util-filter-4.0.0.tgz",
      "integrity": "sha512-H4iTOv2p+n83xjhx7eGFA3zSx7Xcv3Iv9lNQRpXiR8dmm9LtslhyjVlQrZLbkk4jwUrJgc8PPGkOOrfhb76s4Q==",
      "dependencies": {
        "@types/unist": "^2.0.0",
        "unist-util-is": "^5.0.0",
        "unist-util-visit-parents": "^5.0.0"
      }
    },
    "node_modules/unist-util-is": {
      "version": "5.1.1",
      "resolved": "https://registry.npmjs.org/unist-util-is/-/unist-util-is-5.1.1.tgz",
      "integrity": "sha512-F5CZ68eYzuSvJjGhCLPL3cYx45IxkqXSetCcRgUXtbcm50X2L9oOWQlfUfDdAf+6Pd27YDblBfdtmsThXmwpbQ==",
      "funding": {
        "type": "opencollective",
        "url": "https://opencollective.com/unified"
      }
    },
    "node_modules/unist-util-stringify-position": {
      "version": "3.0.2",
      "resolved": "https://registry.npmjs.org/unist-util-stringify-position/-/unist-util-stringify-position-3.0.2.tgz",
      "integrity": "sha512-7A6eiDCs9UtjcwZOcCpM4aPII3bAAGv13E96IkawkOAW0OhH+yRxtY0lzo8KiHpzEMfH7Q+FizUmwp8Iqy5EWg==",
      "dependencies": {
        "@types/unist": "^2.0.0"
      },
      "funding": {
        "type": "opencollective",
        "url": "https://opencollective.com/unified"
      }
    },
    "node_modules/unist-util-visit": {
      "version": "4.1.0",
      "resolved": "https://registry.npmjs.org/unist-util-visit/-/unist-util-visit-4.1.0.tgz",
      "integrity": "sha512-n7lyhFKJfVZ9MnKtqbsqkQEk5P1KShj0+//V7mAcoI6bpbUjh3C/OG8HVD+pBihfh6Ovl01m8dkcv9HNqYajmQ==",
      "dependencies": {
        "@types/unist": "^2.0.0",
        "unist-util-is": "^5.0.0",
        "unist-util-visit-parents": "^5.0.0"
      },
      "funding": {
        "type": "opencollective",
        "url": "https://opencollective.com/unified"
      }
    },
    "node_modules/unist-util-visit-parents": {
      "version": "5.1.0",
      "resolved": "https://registry.npmjs.org/unist-util-visit-parents/-/unist-util-visit-parents-5.1.0.tgz",
      "integrity": "sha512-y+QVLcY5eR/YVpqDsLf/xh9R3Q2Y4HxkZTp7ViLDU6WtJCEcPmRzW1gpdWDCDIqIlhuPDXOgttqPlykrHYDekg==",
      "dependencies": {
        "@types/unist": "^2.0.0",
        "unist-util-is": "^5.0.0"
      },
      "funding": {
        "type": "opencollective",
        "url": "https://opencollective.com/unified"
      }
    },
    "node_modules/vfile": {
      "version": "5.3.2",
      "resolved": "https://registry.npmjs.org/vfile/-/vfile-5.3.2.tgz",
      "integrity": "sha512-w0PLIugRY3Crkgw89TeMvHCzqCs/zpreR31hl4D92y6SOE07+bfJe+dK5Q2akwS+i/c801kzjoOr9gMcTe6IAA==",
      "dependencies": {
        "@types/unist": "^2.0.0",
        "is-buffer": "^2.0.0",
        "unist-util-stringify-position": "^3.0.0",
        "vfile-message": "^3.0.0"
      },
      "funding": {
        "type": "opencollective",
        "url": "https://opencollective.com/unified"
      }
    },
    "node_modules/vfile-message": {
      "version": "3.1.2",
      "resolved": "https://registry.npmjs.org/vfile-message/-/vfile-message-3.1.2.tgz",
      "integrity": "sha512-QjSNP6Yxzyycd4SVOtmKKyTsSvClqBPJcd00Z0zuPj3hOIjg0rUPG6DbFGPvUKRgYyaIWLPKpuEclcuvb3H8qA==",
      "dependencies": {
        "@types/unist": "^2.0.0",
        "unist-util-stringify-position": "^3.0.0"
      },
      "funding": {
        "type": "opencollective",
        "url": "https://opencollective.com/unified"
      }
    }
  },
  "dependencies": {
    "@types/hast": {
      "version": "2.3.4",
      "resolved": "https://registry.npmjs.org/@types/hast/-/hast-2.3.4.tgz",
      "integrity": "sha512-wLEm0QvaoawEDoTRwzTXp4b4jpwiJDvR5KMnFnVodm3scufTlBOWRD6N1OBf9TZMhjlNsSfcO5V+7AF4+Vy+9g==",
      "requires": {
        "@types/unist": "*"
      }
    },
    "@types/js-yaml": {
      "version": "4.0.5",
      "resolved": "https://registry.npmjs.org/@types/js-yaml/-/js-yaml-4.0.5.tgz",
      "integrity": "sha512-FhpRzf927MNQdRZP0J5DLIdTXhjLYzeUTmLAu69mnVksLH9CJY3IuSeEgbKUki7GQZm0WqDkGzyxju2EZGD2wA==",
      "dev": true
    },
    "@types/json-schema": {
      "version": "7.0.11",
      "resolved": "https://registry.npmjs.org/@types/json-schema/-/json-schema-7.0.11.tgz",
      "integrity": "sha512-wOuvG1SN4Us4rez+tylwwwCV1psiNVOkJeM3AUWUNWg/jDQY2+HE/444y5gc+jBmRqASOm2Oeh5c1axHobwRKQ==",
      "dev": true
    },
    "@types/lodash": {
      "version": "4.14.182",
      "resolved": "https://registry.npmjs.org/@types/lodash/-/lodash-4.14.182.tgz",
      "integrity": "sha512-/THyiqyQAP9AfARo4pF+aCGcyiQ94tX/Is2I7HofNRqoYLgN1PBoOWu2/zTA5zMxzP5EFutMtWtGAFRKUe961Q==",
      "dev": true
    },
    "@types/mdast": {
      "version": "3.0.10",
      "resolved": "https://registry.npmjs.org/@types/mdast/-/mdast-3.0.10.tgz",
      "integrity": "sha512-W864tg/Osz1+9f4lrGTZpCSO5/z4608eUp19tbozkq2HJK6i3z1kT0H9tlADXuYIb1YYOBByU4Jsqkk75q48qA==",
      "dev": true,
      "requires": {
        "@types/unist": "*"
      }
    },
    "@types/unist": {
      "version": "2.0.6",
      "resolved": "https://registry.npmjs.org/@types/unist/-/unist-2.0.6.tgz",
      "integrity": "sha512-PBjIUxZHOuj0R15/xuwJYjFi+KZdNFrehocChv4g5hu6aFroHue8m0lBP0POdK2nKzbw0cgV1mws8+V/JAcEkQ=="
    },
    "argparse": {
      "version": "2.0.1",
      "resolved": "https://registry.npmjs.org/argparse/-/argparse-2.0.1.tgz",
      "integrity": "sha512-8+9WqebbFzpX9OR+Wa6O29asIogeRMzcGtAINdpMHHyAg10f05aSFVBbcEqGf/PXw1EjAZ+q2/bEBg3DvurK3Q=="
    },
    "bail": {
      "version": "2.0.2",
      "resolved": "https://registry.npmjs.org/bail/-/bail-2.0.2.tgz",
      "integrity": "sha512-0xO6mYd7JB2YesxDKplafRpsiOzPt9V02ddPCLbY1xYGPOX24NTyN50qnUxgCPcSoYMhKpAuBTjQoRZCAkUDRw=="
    },
    "comma-separated-tokens": {
      "version": "2.0.2",
      "resolved": "https://registry.npmjs.org/comma-separated-tokens/-/comma-separated-tokens-2.0.2.tgz",
      "integrity": "sha512-G5yTt3KQN4Yn7Yk4ed73hlZ1evrFKXeUW3086p3PRFNp7m2vIjI6Pg+Kgb+oyzhd9F2qdcoj67+y3SdxL5XWsg=="
    },
    "extend": {
      "version": "3.0.2",
      "resolved": "https://registry.npmjs.org/extend/-/extend-3.0.2.tgz",
      "integrity": "sha512-fjquC59cD7CyW6urNXK0FBufkZcoiGG80wTuPujX590cB5Ttln20E2UB4S/WARVqhXffZl2LNgS+gQdPIIim/g=="
    },
    "hast-util-parse-selector": {
      "version": "3.1.0",
      "resolved": "https://registry.npmjs.org/hast-util-parse-selector/-/hast-util-parse-selector-3.1.0.tgz",
      "integrity": "sha512-AyjlI2pTAZEOeu7GeBPZhROx0RHBnydkQIXlhnFzDi0qfXTmGUWoCYZtomHbrdrheV4VFUlPcfJ6LMF5T6sQzg==",
      "requires": {
        "@types/hast": "^2.0.0"
      }
    },
    "hastscript": {
      "version": "7.0.2",
      "resolved": "https://registry.npmjs.org/hastscript/-/hastscript-7.0.2.tgz",
      "integrity": "sha512-uA8ooUY4ipaBvKcMuPehTAB/YfFLSSzCwFSwT6ltJbocFUKH/GDHLN+tflq7lSRf9H86uOuxOFkh1KgIy3Gg2g==",
      "requires": {
        "@types/hast": "^2.0.0",
        "comma-separated-tokens": "^2.0.0",
        "hast-util-parse-selector": "^3.0.0",
        "property-information": "^6.0.0",
        "space-separated-tokens": "^2.0.0"
      }
    },
    "is-buffer": {
      "version": "2.0.5",
      "resolved": "https://registry.npmjs.org/is-buffer/-/is-buffer-2.0.5.tgz",
      "integrity": "sha512-i2R6zNFDwgEHJyQUtJEk0XFi1i0dPFn/oqjK3/vPCcDeJvW5NQ83V8QbicfF1SupOaB0h8ntgBC2YiE7dfyctQ=="
    },
    "is-plain-obj": {
      "version": "4.0.0",
      "resolved": "https://registry.npmjs.org/is-plain-obj/-/is-plain-obj-4.0.0.tgz",
      "integrity": "sha512-NXRbBtUdBioI73y/HmOhogw/U5msYPC9DAtGkJXeFcFWSFZw0mCUsPxk/snTuJHzNKA8kLBK4rH97RMB1BfCXw=="
    },
    "js-yaml": {
      "version": "4.1.0",
      "resolved": "https://registry.npmjs.org/js-yaml/-/js-yaml-4.1.0.tgz",
      "integrity": "sha512-wpxZs9NoxZaJESJGIZTyDEaYpl0FKSA+FB9aJiyemKhMwkxQg63h4T1KJgUGHpTqPDNRcmmYLugrRjJlBtWvRA==",
      "requires": {
        "argparse": "^2.0.1"
      }
    },
    "property-information": {
      "version": "6.1.1",
      "resolved": "https://registry.npmjs.org/property-information/-/property-information-6.1.1.tgz",
      "integrity": "sha512-hrzC564QIl0r0vy4l6MvRLhafmUowhO/O3KgVSoXIbbA2Sz4j8HGpJc6T2cubRVwMwpdiG/vKGfhT4IixmKN9w=="
    },
    "space-separated-tokens": {
      "version": "2.0.1",
      "resolved": "https://registry.npmjs.org/space-separated-tokens/-/space-separated-tokens-2.0.1.tgz",
      "integrity": "sha512-ekwEbFp5aqSPKaqeY1PGrlGQxPNaq+Cnx4+bE2D8sciBQrHpbwoBbawqTN2+6jPs9IdWxxiUcN0K2pkczD3zmw=="
    },
    "trough": {
      "version": "2.1.0",
      "resolved": "https://registry.npmjs.org/trough/-/trough-2.1.0.tgz",
      "integrity": "sha512-AqTiAOLcj85xS7vQ8QkAV41hPDIJ71XJB4RCUrzo/1GM2CQwhkJGaf9Hgr7BOugMRpgGUrqRg/DrBDl4H40+8g=="
    },
    "typescript": {
      "version": "4.7.3",
      "resolved": "https://registry.npmjs.org/typescript/-/typescript-4.7.3.tgz",
      "integrity": "sha512-WOkT3XYvrpXx4vMMqlD+8R8R37fZkjyLGlxavMc4iB8lrl8L0DeTcHbYgw/v0N/z9wAFsgBhcsF0ruoySS22mA==",
      "dev": true
    },
    "unified": {
      "version": "10.1.2",
      "resolved": "https://registry.npmjs.org/unified/-/unified-10.1.2.tgz",
      "integrity": "sha512-pUSWAi/RAnVy1Pif2kAoeWNBa3JVrx0MId2LASj8G+7AiHWoKZNTomq6LG326T68U7/e263X6fTdcXIy7XnF7Q==",
      "requires": {
        "@types/unist": "^2.0.0",
        "bail": "^2.0.0",
        "extend": "^3.0.0",
        "is-buffer": "^2.0.0",
        "is-plain-obj": "^4.0.0",
        "trough": "^2.0.0",
        "vfile": "^5.0.0"
      }
    },
    "unist-util-filter": {
      "version": "4.0.0",
      "resolved": "https://registry.npmjs.org/unist-util-filter/-/unist-util-filter-4.0.0.tgz",
      "integrity": "sha512-H4iTOv2p+n83xjhx7eGFA3zSx7Xcv3Iv9lNQRpXiR8dmm9LtslhyjVlQrZLbkk4jwUrJgc8PPGkOOrfhb76s4Q==",
      "requires": {
        "@types/unist": "^2.0.0",
        "unist-util-is": "^5.0.0",
        "unist-util-visit-parents": "^5.0.0"
      }
    },
    "unist-util-is": {
      "version": "5.1.1",
      "resolved": "https://registry.npmjs.org/unist-util-is/-/unist-util-is-5.1.1.tgz",
      "integrity": "sha512-F5CZ68eYzuSvJjGhCLPL3cYx45IxkqXSetCcRgUXtbcm50X2L9oOWQlfUfDdAf+6Pd27YDblBfdtmsThXmwpbQ=="
    },
    "unist-util-stringify-position": {
      "version": "3.0.2",
      "resolved": "https://registry.npmjs.org/unist-util-stringify-position/-/unist-util-stringify-position-3.0.2.tgz",
      "integrity": "sha512-7A6eiDCs9UtjcwZOcCpM4aPII3bAAGv13E96IkawkOAW0OhH+yRxtY0lzo8KiHpzEMfH7Q+FizUmwp8Iqy5EWg==",
      "requires": {
        "@types/unist": "^2.0.0"
      }
    },
    "unist-util-visit": {
      "version": "4.1.0",
      "resolved": "https://registry.npmjs.org/unist-util-visit/-/unist-util-visit-4.1.0.tgz",
      "integrity": "sha512-n7lyhFKJfVZ9MnKtqbsqkQEk5P1KShj0+//V7mAcoI6bpbUjh3C/OG8HVD+pBihfh6Ovl01m8dkcv9HNqYajmQ==",
      "requires": {
        "@types/unist": "^2.0.0",
        "unist-util-is": "^5.0.0",
        "unist-util-visit-parents": "^5.0.0"
      }
    },
    "unist-util-visit-parents": {
      "version": "5.1.0",
      "resolved": "https://registry.npmjs.org/unist-util-visit-parents/-/unist-util-visit-parents-5.1.0.tgz",
      "integrity": "sha512-y+QVLcY5eR/YVpqDsLf/xh9R3Q2Y4HxkZTp7ViLDU6WtJCEcPmRzW1gpdWDCDIqIlhuPDXOgttqPlykrHYDekg==",
      "requires": {
        "@types/unist": "^2.0.0",
        "unist-util-is": "^5.0.0"
      }
    },
    "vfile": {
      "version": "5.3.2",
      "resolved": "https://registry.npmjs.org/vfile/-/vfile-5.3.2.tgz",
      "integrity": "sha512-w0PLIugRY3Crkgw89TeMvHCzqCs/zpreR31hl4D92y6SOE07+bfJe+dK5Q2akwS+i/c801kzjoOr9gMcTe6IAA==",
      "requires": {
        "@types/unist": "^2.0.0",
        "is-buffer": "^2.0.0",
        "unist-util-stringify-position": "^3.0.0",
        "vfile-message": "^3.0.0"
      }
    },
    "vfile-message": {
      "version": "3.1.2",
      "resolved": "https://registry.npmjs.org/vfile-message/-/vfile-message-3.1.2.tgz",
      "integrity": "sha512-QjSNP6Yxzyycd4SVOtmKKyTsSvClqBPJcd00Z0zuPj3hOIjg0rUPG6DbFGPvUKRgYyaIWLPKpuEclcuvb3H8qA==",
      "requires": {
        "@types/unist": "^2.0.0",
        "unist-util-stringify-position": "^3.0.0"
      }
    }
  }
}
